lockfileVersion: '9.0'

settings:
  autoInstallPeers: true
  excludeLinksFromLockfile: false

importers:

  .:
    devDependencies:
      '@citizenfx/client':
        specifier: 2.0.31039-1
        version: 2.0.31039-1
      '@citizenfx/server':
        specifier: 2.0.31039-1
        version: 2.0.31039-1
      typescript:
        specifier: ^6.0.3
        version: 6.0.3

packages:

  '@citizenfx/client@2.0.31039-1':
    resolution: {integrity: sha512-YjHuYjQ5JZa/KdvtxNeynex/EgmBRONdeuoeg4fbHpNw9FT1OYQAjIUPcspVdCV+WBT7sUHJhTjSMWRS1wH3iQ==}

  '@citizenfx/server@2.0.31039-1':
    resolution: {integrity: sha512-Gl7V++mzfq6LSEmv5a0TXF8/1vjZ0MsRywtBpBOue7NKCOiWpFM9C4u8QVpvAtNRgWHaw33om62WfPA270ITmA==}

  typescript@6.0.3:
    resolution: {integrity: sha512-y2TvuxSZPDyQakkFRPZHKFm+KKVqIisdg9/CZwm9ftvKXLP8NRWj38/ODjNbr43SsoXqNuAisEf1GdCxqWcdBw==}
    engines: {node: '>=14.17'}
    hasBin: true

snapshots:

  '@citizenfx/client@2.0.31039-1': {}

  '@citizenfx/server@2.0.31039-1': {}

  typescript@6.0.3: {}
